
Microsoft Visual Studio Solution File, Format Version 12.00
# Visual Studio Version 17
VisualStudioVersion = 17.14.37216.2
MinimumVisualStudioVersion = 10.0.40219.1
Project("{FAE04EC0-301F-11D3-BF4B-00C04F79EFBC}") = "DotNet8.EasyTrip.App", "DotNet8.EasyTrip.App\DotNet8.EasyTrip.App.csproj", "{173BDAB2-5D97-4CC8-8106-140E5B5DAF18}"
EndProject
Project("{FAE04EC0-301F-11D3-BF4B-00C04F79EFBC}") = "DotNet8.EasyTrip.App.Client", "DotNet8.EasyTrip.App.Client\DotNet8.EasyTrip.App.Client.csproj", "{B75D8450-3F57-4258-BF19-0F1D1A8370DB}"
EndProject
Project("{FAE04EC0-301F-11D3-BF4B-00C04F79EFBC}") = "DotNet8.EasyTripBackend", "..\DotNet8.EasyTripBackend\DotNet8.EasyTripBackend.csproj", "{61BEB0A3-F021-F799-0216-4611C16A94F7}"
EndProject
Project("{FAE04EC0-301F-11D3-BF4B-00C04F79EFBC}") = "DotNet8.EasyTripBackendApi.Models", "..\DotNet8.EasyTripBackendApi.Models\DotNet8.EasyTripBackendApi.Models.csproj", "{0A061EA2-7496-C97F-0A44-5819016833D5}"
EndProject
Project("{FAE04EC0-301F-11D3-BF4B-00C04F79EFBC}") = "DotNet8.EasyTripBackendApi.Shared", "..\DotNet8.EasyTripBackendApi.Shared\DotNet8.EasyTripBackendApi.Shared.csproj", "{3FACD88B-B9DC-CA78-D6FF-8B2A24145FAF}"
EndProject
Project("{FAE04EC0-301F-11D3-BF4B-00C04F79EFBC}") = "DotNet8.EasyTripBackendApi.DbService", "..\DotNet8.EasyTripBackendApi.DbService\DotNet8.EasyTripBackendApi.DbService.csproj", "{B54049BE-D1FB-D69C-BA4A-CE53615781F2}"
EndProject
Global
	GlobalSection(SolutionConfigurationPlatforms) = preSolution
		Debug|Any CPU = Debug|Any CPU
		Release|Any CPU = Release|Any CPU
	EndGlobalSection
	GlobalSection(ProjectConfigurationPlatforms) = postSolution
		{173BDAB2-5D97-4CC8-8106-140E5B5DAF18}.Debug|Any CPU.ActiveCfg = Debug|Any CPU
		{173BDAB2-5D97-4CC8-8106-140E5B5DAF18}.Debug|Any CPU.Build.0 = Debug|Any CPU
		{173BDAB2-5D97-4CC8-8106-140E5B5DAF18}.Release|Any CPU.ActiveCfg = Release|Any CPU
		{173BDAB2-5D97-4CC8-8106-140E5B5DAF18}.Release|Any CPU.Build.0 = Release|Any CPU
		{B75D8450-3F57-4258-BF19-0F1D1A8370DB}.Debug|Any CPU.ActiveCfg = Debug|Any CPU
		{B75D8450-3F57-4258-BF19-0F1D1A8370DB}.Debug|Any CPU.Build.0 = Debug|Any CPU
		{B75D8450-3F57-4258-BF19-0F1D1A8370DB}.Release|Any CPU.ActiveCfg = Release|Any CPU
		{B75D8450-3F57-4258-BF19-0F1D1A8370DB}.Release|Any CPU.Build.0 = Release|Any CPU
		{61BEB0A3-F021-F799-0216-4611C16A94F7}.Debug|Any CPU.ActiveCfg = Debug|Any CPU
		{61BEB0A3-F021-F799-0216-4611C16A94F7}.Debug|Any CPU.Build.0 = Debug|Any CPU
		{61BEB0A3-F021-F799-0216-4611C16A94F7}.Release|Any CPU.ActiveCfg = Release|Any CPU
		{61BEB0A3-F021-F799-0216-4611C16A94F7}.Release|Any CPU.Build.0 = Release|Any CPU
		{0A061EA2-7496-C97F-0A44-5819016833D5}.Debug|Any CPU.ActiveCfg = Debug|Any CPU
		{0A061EA2-7496-C97F-0A44-5819016833D5}.Debug|Any CPU.Build.0 = Debug|Any CPU
		{0A061EA2-7496-C97F-0A44-5819016833D5}.Release|Any CPU.ActiveCfg = Release|Any CPU
		{0A061EA2-7496-C97F-0A44-5819016833D5}.Release|Any CPU.Build.0 = Release|Any CPU
		{3FACD88B-B9DC-CA78-D6FF-8B2A24145FAF}.Debug|Any CPU.ActiveCfg = Debug|Any CPU
		{3FACD88B-B9DC-CA78-D6FF-8B2A24145FAF}.Debug|Any CPU.Build.0 = Debug|Any CPU
		{3FACD88B-B9DC-CA78-D6FF-8B2A24145FAF}.Release|Any CPU.ActiveCfg = Release|Any CPU
		{3FACD88B-B9DC-CA78-D6FF-8B2A24145FAF}.Release|Any CPU.Build.0 = Release|Any CPU
		{B54049BE-D1FB-D69C-BA4A-CE53615781F2}.Debug|Any CPU.ActiveCfg = Debug|Any CPU
		{B54049BE-D1FB-D69C-BA4A-CE53615781F2}.Debug|Any CPU.Build.0 = Debug|Any CPU
		{B54049BE-D1FB-D69C-BA4A-CE53615781F2}.Release|Any CPU.ActiveCfg = Release|Any CPU
		{B54049BE-D1FB-D69C-BA4A-CE53615781F2}.Release|Any CPU.Build.0 = Release|Any CPU
	EndGlobalSection
	GlobalSection(SolutionProperties) = preSolution
		HideSolutionNode = FALSE
	EndGlobalSection
	GlobalSection(ExtensibilityGlobals) = postSolution
		SolutionGuid = {4A9053EC-8ADE-4A0A-8E4B-EB0E83DE3AC1}
	EndGlobalSection
EndGlobal
